PODS:
  - ManagerBook (0.1.8)
  - MotivationalBook (0.1.9)
  - XYLog (0.1.7)
  - XYWeb (0.1.0)

DEPENDENCIES:
  - ManagerBook
  - MotivationalBook
  - XYLog (from `../Packages/XYLog`)
  - XYWeb (from `../Packages/XYWeb`)

SPEC REPOS:
  https://github.com/wenchao8023/CwenSpec.git:
    - ManagerBook
    - MotivationalBook

EXTERNAL SOURCES:
  XYLog:
    :path: "../Packages/XYLog"
  XYWeb:
    :path: "../Packages/XYWeb"

SPEC CHECKSUMS:
  ManagerBook: 8f757f17d4c18659c172fc77b7c35941ff8f371c
  MotivationalBook: ca1286bbde3768f681472dccfb0f76deaff3ae4c
  XYLog: d8e2c8125ea6c86bdc5a92a1a241ebef976e5fea
  XYWeb: f64dc7672897d20285f10fc8612bb29b2beb3f0e

PODFILE CHECKSUM: 53505d4b3e2bde6b4e5c47aa24aa91942b6ac178

COCOAPODS: 1.11.3
